// !$*UTF8*$!
{
	archiveVersion = 1;
	classes = {
	};
	objectVersion = 46;
	objects = {

/* Begin PBXBuildFile section */
		008110CD5BC2643F2F1CAF0D /* game.cpp in Sources */ = {isa = PBXBuildFile; fileRef = C955E995E06884C7D0847FD5 /* game.cpp */; };
		1817955824A247CA9F871398 /* CoreFoundation.framework in Frameworks */ = {isa = PBXBuildFile; fileRef = EA5C1300C9792D32A5828940 /* CoreFoundation.framework */; };
		2A7DAC6A1E7CF5DCA3680AAA /* AudioToolbox.framework in Frameworks */ = {isa = PBXBuildFile; fileRef = 6E0E03F2B221D524A5F35A32 /* AudioToolbox.framework */; };
		713678D803C442CA6C9CE718 /* IOKit.framework in Frameworks */ = {isa = PBXBuildFile; fileRef = 0BACC980CF188B320DBC2FC0 /* IOKit.framework */; };
		7E30FADBC244CC0DB616511B /* libraylib.a in Frameworks */ = {isa = PBXBuildFile; fileRef = 534E4DE3C470EED57A379C23 /* libraylib.a */; };
		840EA602F136B474F2C9A442 /* OpenGL.framework in Frameworks */ = {isa = PBXBuildFile; fileRef = 19352E0A6698243CDCB7244A /* OpenGL.framework */; };
		89BBB74E2BA5534022CC658E /* CoreAudio.framework in Frameworks */ = {isa = PBXBuildFile; fileRef = 1FAF1596EDD2694874E0BBD6 /* CoreAudio.framework */; };
		9223EFD8340D8BCA2B349E18 /* CoreVideo.framework in Frameworks */ = {isa = PBXBuildFile; fileRef = 606C44802E8F9832B59DEAC0 /* CoreVideo.framework */; };
		F3C0D2D3ED828F4527819113 /* player.cpp in Sources */ = {isa = PBXBuildFile; fileRef = 08CBEC3B513CD06D95DBA27B /* player.cpp */; };
		F8E8DBA28B76A594F44F49E2 /* Cocoa.framework in Frameworks */ = {isa = PBXBuildFile; fileRef = 8D6BC6AA50D7885C8F7B2CEA /* Cocoa.framework */; };
/* End PBXBuildFile section */

/* Begin PBXContainerItemProxy section */
		4AFC145E936CF890D80BCA9E /* PBXContainerItemProxy */ = {
			isa = PBXContainerItemProxy;
			containerPortal = A8133EDC6AD39F4EC8087D1C /* ../raylib-master/raylib.xcodeproj */;
			proxyType = 1;
			remoteGlobalIDString = 51EF3798C37A500A727B75D8;
			remoteInfo = libraylib.a;
		};
		F8C1A1C5413285F785D15805 /* PBXContainerItemProxy */ = {
			isa = PBXContainerItemProxy;
			containerPortal = A8133EDC6AD39F4EC8087D1C /* ../raylib-master/raylib.xcodeproj */;
			proxyType = 2;
			remoteGlobalIDString = 4A1355F2ED017CA47C275C32;
			remoteInfo = libraylib.a;
		};
/* End PBXContainerItemProxy section */

/* Begin PBXFileReference section */
		08CBEC3B513CD06D95DBA27B /* player.cpp */ = {isa = PBXFileReference; lastKnownFileType = sourcecode.cpp.cpp; name = player.cpp; path = src/player.cpp; sourceTree = "<group>"; };
		0BACC980CF188B320DBC2FC0 /* IOKit.framework */ = {isa = PBXFileReference; lastKnownFileType = wrapper.framework; name = IOKit.framework; path = System/Library/Frameworks/IOKit.framework; sourceTree = SDKROOT; };
		0E219021569274539B314661 /* player.h */ = {isa = PBXFileReference; lastKnownFileType = sourcecode.c.h; name = player.h; path = include/player.h; sourceTree = "<group>"; };
		19352E0A6698243CDCB7244A /* OpenGL.framework */ = {isa = PBXFileReference; lastKnownFileType = wrapper.framework; name = OpenGL.framework; path = System/Library/Frameworks/OpenGL.framework; sourceTree = SDKROOT; };
		1FAF1596EDD2694874E0BBD6 /* CoreAudio.framework */ = {isa = PBXFileReference; lastKnownFileType = wrapper.framework; name = CoreAudio.framework; path = System/Library/Frameworks/CoreAudio.framework; sourceTree = SDKROOT; };
		606C44802E8F9832B59DEAC0 /* CoreVideo.framework */ = {isa = PBXFileReference; lastKnownFileType = wrapper.framework; name = CoreVideo.framework; path = System/Library/Frameworks/CoreVideo.framework; sourceTree = SDKROOT; };
		6513679DD69E800F859FA5DD /* raytracing */ = {isa = PBXFileReference; explicitFileType = "compiled.mach-o.executable"; includeInIndex = 0; name = raytracing; path = raytracing; sourceTree = BUILT_PRODUCTS_DIR; };
		6E0E03F2B221D524A5F35A32 /* AudioToolbox.framework */ = {isa = PBXFileReference; lastKnownFileType = wrapper.framework; name = AudioToolbox.framework; path = System/Library/Frameworks/AudioToolbox.framework; sourceTree = SDKROOT; };
		8D6BC6AA50D7885C8F7B2CEA /* Cocoa.framework */ = {isa = PBXFileReference; lastKnownFileType = wrapper.framework; name = Cocoa.framework; path = System/Library/Frameworks/Cocoa.framework; sourceTree = SDKROOT; };
		94ACF1FBABBF8D2D9BDB883B /* game.h */ = {isa = PBXFileReference; lastKnownFileType = sourcecode.c.h; name = game.h; path = include/game.h; sourceTree = "<group>"; };
		A8133EDC6AD39F4EC8087D1C /* libraylib.a */ = {isa = PBXFileReference; lastKnownFileType = "wrapper.pb-project"; name = "raylib.xcodeproj"; path = "../raylib-master/raylib.xcodeproj"; sourceTree = SOURCE_ROOT; };
		C955E995E06884C7D0847FD5 /* game.cpp */ = {isa = PBXFileReference; lastKnownFileType = sourcecode.cpp.cpp; name = game.cpp; path = src/game.cpp; sourceTree = "<group>"; };
		EA5C1300C9792D32A5828940 /* CoreFoundation.framework */ = {isa = PBXFileReference; lastKnownFileType = wrapper.framework; name = CoreFoundation.framework; path = System/Library/Frameworks/CoreFoundation.framework; sourceTree = SDKROOT; };
/* End PBXFileReference section */

/* Begin PBXFrameworksBuildPhase section */
		DB10168DE7CCC5FF5CB734CD /* Frameworks */ = {
			isa = PBXFrameworksBuildPhase;
			buildActionMask = 2147483647;
			files = (
				840EA602F136B474F2C9A442 /* OpenGL.framework in Frameworks */,
				F8E8DBA28B76A594F44F49E2 /* Cocoa.framework in Frameworks */,
				713678D803C442CA6C9CE718 /* IOKit.framework in Frameworks */,
				1817955824A247CA9F871398 /* CoreFoundation.framework in Frameworks */,
				89BBB74E2BA5534022CC658E /* CoreAudio.framework in Frameworks */,
				9223EFD8340D8BCA2B349E18 /* CoreVideo.framework in Frameworks */,
				2A7DAC6A1E7CF5DCA3680AAA /* AudioToolbox.framework in Frameworks */,
				7E30FADBC244CC0DB616511B /* libraylib.a in Frameworks */,
			);
			runOnlyForDeploymentPostprocessing = 0;
		};
/* End PBXFrameworksBuildPhase section */

/* Begin PBXCopyFilesBuildPhase section */
		B53B3E39E3E1922B3D22EC79 /* Embed Libraries */ = {
			isa = PBXCopyFilesBuildPhase;
			buildActionMask = 2147483647;
			dstPath = "";
			dstSubfolderSpec = 10;
			files = (
			);
			name = "Embed Libraries";
			runOnlyForDeploymentPostprocessing = 0;
		};
/* End PBXCopyFilesBuildPhase section */

/* Begin PBXGroup section */
		05118A65EFFDB05737E378A5 /* Products */ = {
			isa = PBXGroup;
			children = (
				534E4DE3C470EED57A379C23 /* libraylib.a */,
			);
			name = Products;
			sourceTree = "<group>";
		};
		522742943E184E46904FE8D4 /* raytracing */ = {
			isa = PBXGroup;
			children = (
				C98A48C011FB2CF25699FF00 /* Header Files */,
				8F1EDA50D78FBE821C2E9090 /* Source Files */,
				BBF76781A7E87333FA200DC1 /* Frameworks */,
				A6C936B49B3FADE6EA134CF4 /* Products */,
				9D968EAA920D05DCE0E0A4EA /* Projects */,
			);
			name = raytracing;
			sourceTree = "<group>";
		};
		8F1EDA50D78FBE821C2E9090 /* Source Files */ = {
			isa = PBXGroup;
			children = (
				C955E995E06884C7D0847FD5 /* game.cpp */,
				08CBEC3B513CD06D95DBA27B /* player.cpp */,
			);
			name = "Source Files";
			sourceTree = "<group>";
		};
		9D968EAA920D05DCE0E0A4EA /* Projects */ = {
			isa = PBXGroup;
			children = (
				A8133EDC6AD39F4EC8087D1C /* raylib.xcodeproj */,
			);
			name = Projects;
			sourceTree = "<group>";
		};
		A6C936B49B3FADE6EA134CF4 /* Products */ = {
			isa = PBXGroup;
			children = (
				6513679DD69E800F859FA5DD /* raytracing */,
			);
			name = Products;
			sourceTree = "<group>";
		};
		BBF76781A7E87333FA200DC1 /* Frameworks */ = {
			isa = PBXGroup;
			children = (
				19352E0A6698243CDCB7244A /* OpenGL.framework */,
				8D6BC6AA50D7885C8F7B2CEA /* Cocoa.framework */,
				0BACC980CF188B320DBC2FC0 /* IOKit.framework */,
				EA5C1300C9792D32A5828940 /* CoreFoundation.framework */,
				1FAF1596EDD2694874E0BBD6 /* CoreAudio.framework */,
				606C44802E8F9832B59DEAC0 /* CoreVideo.framework */,
				6E0E03F2B221D524A5F35A32 /* AudioToolbox.framework */,
			);
			name = Frameworks;
			sourceTree = "<group>";
		};
		C98A48C011FB2CF25699FF00 /* Header Files */ = {
			isa = PBXGroup;
			children = (
				94ACF1FBABBF8D2D9BDB883B /* game.h */,
				0E219021569274539B314661 /* player.h */,
			);
			name = "Header Files";
			sourceTree = "<group>";
		};
/* End PBXGroup section */

/* Begin PBXNativeTarget section */
		890E3FE38C7F12150DEBB623 /* raytracing */ = {
			isa = PBXNativeTarget;
			buildConfigurationList = C94B5EECD6080E5E4AF27D2C /* Build configuration list for PBXNativeTarget "raytracing" */;
			buildPhases = (
				4AF7972D57B4469FCC9EB56D /* Resources */,
				B4A4B084C1615FF6364BCEC4 /* Sources */,
				DB10168DE7CCC5FF5CB734CD /* Frameworks */,
				B53B3E39E3E1922B3D22EC79 /* Embed Libraries */,
			);
			buildRules = (
			);
			dependencies = (
				F2C9C76EDDB5ED60259BB5AE /* PBXTargetDependency */,
			);
			name = raytracing;
			productInstallPath = "$(HOME)/bin";
			productName = raytracing;
			productReference = 6513679DD69E800F859FA5DD /* raytracing */;
			productType = "com.apple.product-type.tool";
		};
/* End PBXNativeTarget section */

/* Begin PBXProject section */
		08FB7793FE84155DC02AAC07 /* Project object */ = {
			isa = PBXProject;
			buildConfigurationList = 1DEB928908733DD80010E9CD /* Build configuration list for PBXProject "raytracing" */;
			compatibilityVersion = "Xcode 3.2";
			hasScannedForEncodings = 1;
			mainGroup = 522742943E184E46904FE8D4 /* raytracing */;
			projectDirPath = "";
			projectReferences = (
				{
					ProductGroup = 05118A65EFFDB05737E378A5 /* Products */;
					ProjectRef = A8133EDC6AD39F4EC8087D1C /* raylib.xcodeproj */;
				},
			);
			projectRoot = "";
			targets = (
				890E3FE38C7F12150DEBB623 /* raytracing */,
			);
		};
/* End PBXProject section */

/* Begin PBXReferenceProxy section */
		534E4DE3C470EED57A379C23 /* libraylib.a */ = {
			isa = PBXReferenceProxy;
			fileType = archive.ar;
			path = libraylib.a;
			remoteRef = F8C1A1C5413285F785D15805 /* PBXContainerItemProxy */;
			sourceTree = BUILT_PRODUCTS_DIR;
		};
/* End PBXReferenceProxy section */

/* Begin PBXResourcesBuildPhase section */
		4AF7972D57B4469FCC9EB56D /* Resources */ = {
			isa = PBXResourcesBuildPhase;
			buildActionMask = 2147483647;
			files = (
			);
			runOnlyForDeploymentPostprocessing = 0;
		};
/* End PBXResourcesBuildPhase section */

/* Begin PBXSourcesBuildPhase section */
		B4A4B084C1615FF6364BCEC4 /* Sources */ = {
			isa = PBXSourcesBuildPhase;
			buildActionMask = 2147483647;
			files = (
				008110CD5BC2643F2F1CAF0D /* game.cpp in Sources */,
				F3C0D2D3ED828F4527819113 /* player.cpp in Sources */,
			);
			runOnlyForDeploymentPostprocessing = 0;
		};
/* End PBXSourcesBuildPhase section */

/* Begin PBXTargetDependency section */
		F2C9C76EDDB5ED60259BB5AE /* PBXTargetDependency */ = {
			isa = PBXTargetDependency;
			name = libraylib.a;
			targetProxy = 4AFC145E936CF890D80BCA9E /* PBXContainerItemProxy */;
		};
/* End PBXTargetDependency section */

/* Begin PBXVariantGroup section */
/* End PBXVariantGroup section */

/* Begin XCBuildConfiguration section */
		0090852C3022541E0B2F936C /* Release */ = {
			isa = XCBuildConfiguration;
			buildSettings = {
				ALWAYS_SEARCH_USER_PATHS = NO;
				CONFIGURATION_BUILD_DIR = ../bin/Release;
				DEBUG_INFORMATION_FORMAT = "dwarf-with-dsym";
				GCC_DYNAMIC_NO_PIC = NO;
				INSTALL_PATH = /usr/local/bin;
				PRODUCT_NAME = raytracing;
			};
			name = Release;
		};
		3F2FA89DB0BAC10F5FBBE6DD /* Release */ = {
			isa = XCBuildConfiguration;
			buildSettings = {
				CLANG_CXX_LANGUAGE_STANDARD = "c++20";
				CONFIGURATION_BUILD_DIR = "$(SYMROOT)";
				CONFIGURATION_TEMP_DIR = "$(OBJROOT)";
				GCC_OPTIMIZATION_LEVEL = 3;
				GCC_PREPROCESSOR_DEFINITIONS = (
					NDEBUG,
					PLATFORM_DESKTOP,
					GRAPHICS_API_OPENGL_33,
				);
				GCC_SYMBOLS_PRIVATE_EXTERN = NO;
				GCC_WARN_ABOUT_RETURN_TYPE = YES;
				GCC_WARN_UNUSED_VARIABLE = YES;
				OBJROOT = obj/ARM64/Release;
				ONLY_ACTIVE_ARCH = NO;
				SYMROOT = ../bin/Release;
				USER_HEADER_SEARCH_PATHS = (
					.,
					src,
					include,
					"../raylib-master/src",
					"../raylib-master/src/external",
					"../raylib-master/src/external/glfw/include",
				);
			};
			name = Release;
		};
		6AA935B2C136A02499AFB3F2 /* Debug */ = {
			isa = XCBuildConfiguration;
			buildSettings = {
				ALWAYS_SEARCH_USER_PATHS = NO;
				CONFIGURATION_BUILD_DIR = ../bin/Debug;
				DEBUG_INFORMATION_FORMAT = "dwarf-with-dsym";
				GCC_DYNAMIC_NO_PIC = NO;
				INSTALL_PATH = /usr/local/bin;
				PRODUCT_NAME = raytracing;
			};
			name = Debug;
		};
		74AAD9A3A3512D95FC9287E3 /* Debug */ = {
			isa = XCBuildConfiguration;
			buildSettings = {
				CLANG_CXX_LANGUAGE_STANDARD = "c++20";
				CONFIGURATION_BUILD_DIR = "$(SYMROOT)";
				CONFIGURATION_TEMP_DIR = "$(OBJROOT)";
				COPY_PHASE_STRIP = NO;
				GCC_ENABLE_FIX_AND_CONTINUE = YES;
				GCC_OPTIMIZATION_LEVEL = 0;
				GCC_PREPROCESSOR_DEFINITIONS = (
					DEBUG,
					PLATFORM_DESKTOP,
					GRAPHICS_API_OPENGL_33,
				);
				GCC_SYMBOLS_PRIVATE_EXTERN = NO;
				GCC_WARN_ABOUT_RETURN_TYPE = YES;
				GCC_WARN_UNUSED_VARIABLE = YES;
				OBJROOT = obj/ARM64/Debug;
				ONLY_ACTIVE_ARCH = YES;
				SYMROOT = ../bin/Debug;
				USER_HEADER_SEARCH_PATHS = (
					.,
					src,
					include,
					"../raylib-master/src",
					"../raylib-master/src/external",
					"../raylib-master/src/external/glfw/include",
				);
			};
			name = Debug;
		};
/* End XCBuildConfiguration section */

/* Begin XCConfigurationList section */
		1DEB928908733DD80010E9CD /* Build configuration list for PBXProject "raytracing" */ = {
			isa = XCConfigurationList;
			buildConfigurations = (
				74AAD9A3A3512D95FC9287E3 /* Debug */,
				74AAD9A3A3512D95FC9287E3 /* Debug */,
				74AAD9A3A3512D95FC9287E3 /* Debug */,
				3F2FA89DB0BAC10F5FBBE6DD /* Release */,
				3F2FA89DB0BAC10F5FBBE6DD /* Release */,
				3F2FA89DB0BAC10F5FBBE6DD /* Release */,
			);
			defaultConfigurationIsVisible = 0;
			defaultConfigurationName = Debug;
		};
		C94B5EECD6080E5E4AF27D2C /* Build configuration list for PBXNativeTarget "raytracing" */ = {
			isa = XCConfigurationList;
			buildConfigurations = (
				6AA935B2C136A02499AFB3F2 /* Debug */,
				6AA935B2C136A02499AFB3F2 /* Debug */,
				6AA935B2C136A02499AFB3F2 /* Debug */,
				0090852C3022541E0B2F936C /* Release */,
				0090852C3022541E0B2F936C /* Release */,
				0090852C3022541E0B2F936C /* Release */,
			);
			defaultConfigurationIsVisible = 0;
			defaultConfigurationName = Debug;
		};
/* End XCConfigurationList section */
};
rootObject = 08FB7793FE84155DC02AAC07 /* Project object */;
}